
Microsoft Visual Studio Solution File, Format Version 12.00
# Visual Studio Version 16
VisualStudioVersion = 16.0.30621.155
MinimumVisualStudioVersion = 10.0.40219.1
Project("{2150E333-8FDC-42A3-9474-1A3956D46DE8}") = "Tests", "Tests", "{0CB5CC02-3FF7-4C33-9EFC-5BE10E95D062}"
EndProject
Project("{9A19103F-16F7-4668-BE54-9A1E7A4F7556}") = "Certifier.Common", "src\Certifier.Common\Certifier.Common.csproj", "{7159EFAC-994A-4BEC-BA3A-419BEBE247C0}"
EndProject
Project("{9A19103F-16F7-4668-BE54-9A1E7A4F7556}") = "Certifier", "src\Certifier\Certifier.csproj", "{85AE63C4-6393-4552-92E2-E46D9E51E58D}"
EndProject
Project("{2150E333-8FDC-42A3-9474-1A3956D46DE8}") = "Examples", "Examples", "{582CAB9A-B099-4CD7-BB8C-427EF21263A6}"
EndProject
Project("{9A19103F-16F7-4668-BE54-9A1E7A4F7556}") = "CertifierConsole", "Examples\CertifierConsole\CertifierConsole.csproj", "{38D4FE5A-21B4-4B15-A9AA-DAD0AEEFACDD}"
EndProject
Project("{9A19103F-16F7-4668-BE54-9A1E7A4F7556}") = "Certifier.Fips", "src\Certifier.Fips\Certifier.Fips.csproj", "{C24ED8FC-22C4-49FC-8BC0-D72AF9F5E8C4}"
EndProject
Project("{9A19103F-16F7-4668-BE54-9A1E7A4F7556}") = "Certifier.Storage", "src\Certifier.Storage\Certifier.Storage.csproj", "{0F66D359-AC92-47C0-8889-E28A3ADC3F9F}"
EndProject
Project("{6EC3EE1D-3C4E-46DD-8F32-0CC8E7565705}") = "Certifier.FS.Console", "Examples\Certifier.FS.Console\Certifier.FS.Console.fsproj", "{2244CF13-9F8E-4441-9CE0-433D9A19F066}"
EndProject
Project("{6EC3EE1D-3C4E-46DD-8F32-0CC8E7565705}") = "Certifier.FS.Common", "src\Certifier.FS.Common\Certifier.FS.Common.fsproj", "{85372123-0402-4226-8BD9-345D96BBECBB}"
EndProject
Project("{F2A71F9B-5D33-465A-A702-920D77279786}") = "Certifier.FS.Fips", "src\Certifier.FS.Fips\Certifier.FS.Fips.fsproj", "{6AEE8F15-CFA8-4E88-B303-7223951862AC}"
EndProject
Global
	GlobalSection(SolutionConfigurationPlatforms) = preSolution
		Debug|Any CPU = Debug|Any CPU
		Release|Any CPU = Release|Any CPU
	EndGlobalSection
	GlobalSection(ProjectConfigurationPlatforms) = postSolution
		{7159EFAC-994A-4BEC-BA3A-419BEBE247C0}.Debug|Any CPU.ActiveCfg = Debug|Any CPU
		{7159EFAC-994A-4BEC-BA3A-419BEBE247C0}.Debug|Any CPU.Build.0 = Debug|Any CPU
		{7159EFAC-994A-4BEC-BA3A-419BEBE247C0}.Release|Any CPU.ActiveCfg = Release|Any CPU
		{7159EFAC-994A-4BEC-BA3A-419BEBE247C0}.Release|Any CPU.Build.0 = Release|Any CPU
		{85AE63C4-6393-4552-92E2-E46D9E51E58D}.Debug|Any CPU.ActiveCfg = Debug|Any CPU
		{85AE63C4-6393-4552-92E2-E46D9E51E58D}.Debug|Any CPU.Build.0 = Debug|Any CPU
		{85AE63C4-6393-4552-92E2-E46D9E51E58D}.Release|Any CPU.ActiveCfg = Release|Any CPU
		{85AE63C4-6393-4552-92E2-E46D9E51E58D}.Release|Any CPU.Build.0 = Release|Any CPU
		{38D4FE5A-21B4-4B15-A9AA-DAD0AEEFACDD}.Debug|Any CPU.ActiveCfg = Debug|Any CPU
		{38D4FE5A-21B4-4B15-A9AA-DAD0AEEFACDD}.Debug|Any CPU.Build.0 = Debug|Any CPU
		{38D4FE5A-21B4-4B15-A9AA-DAD0AEEFACDD}.Release|Any CPU.ActiveCfg = Release|Any CPU
		{38D4FE5A-21B4-4B15-A9AA-DAD0AEEFACDD}.Release|Any CPU.Build.0 = Release|Any CPU
		{C24ED8FC-22C4-49FC-8BC0-D72AF9F5E8C4}.Debug|Any CPU.ActiveCfg = Debug|Any CPU
		{C24ED8FC-22C4-49FC-8BC0-D72AF9F5E8C4}.Debug|Any CPU.Build.0 = Debug|Any CPU
		{C24ED8FC-22C4-49FC-8BC0-D72AF9F5E8C4}.Release|Any CPU.ActiveCfg = Release|Any CPU
		{C24ED8FC-22C4-49FC-8BC0-D72AF9F5E8C4}.Release|Any CPU.Build.0 = Release|Any CPU
		{0F66D359-AC92-47C0-8889-E28A3ADC3F9F}.Debug|Any CPU.ActiveCfg = Debug|Any CPU
		{0F66D359-AC92-47C0-8889-E28A3ADC3F9F}.Debug|Any CPU.Build.0 = Debug|Any CPU
		{0F66D359-AC92-47C0-8889-E28A3ADC3F9F}.Release|Any CPU.ActiveCfg = Release|Any CPU
		{0F66D359-AC92-47C0-8889-E28A3ADC3F9F}.Release|Any CPU.Build.0 = Release|Any CPU
		{2244CF13-9F8E-4441-9CE0-433D9A19F066}.Debug|Any CPU.ActiveCfg = Debug|Any CPU
		{2244CF13-9F8E-4441-9CE0-433D9A19F066}.Debug|Any CPU.Build.0 = Debug|Any CPU
		{2244CF13-9F8E-4441-9CE0-433D9A19F066}.Release|Any CPU.ActiveCfg = Release|Any CPU
		{2244CF13-9F8E-4441-9CE0-433D9A19F066}.Release|Any CPU.Build.0 = Release|Any CPU
		{85372123-0402-4226-8BD9-345D96BBECBB}.Debug|Any CPU.ActiveCfg = Debug|Any CPU
		{85372123-0402-4226-8BD9-345D96BBECBB}.Debug|Any CPU.Build.0 = Debug|Any CPU
		{85372123-0402-4226-8BD9-345D96BBECBB}.Release|Any CPU.ActiveCfg = Release|Any CPU
		{85372123-0402-4226-8BD9-345D96BBECBB}.Release|Any CPU.Build.0 = Release|Any CPU
		{6AEE8F15-CFA8-4E88-B303-7223951862AC}.Debug|Any CPU.ActiveCfg = Debug|Any CPU
		{6AEE8F15-CFA8-4E88-B303-7223951862AC}.Debug|Any CPU.Build.0 = Debug|Any CPU
		{6AEE8F15-CFA8-4E88-B303-7223951862AC}.Release|Any CPU.ActiveCfg = Release|Any CPU
		{6AEE8F15-CFA8-4E88-B303-7223951862AC}.Release|Any CPU.Build.0 = Release|Any CPU
	EndGlobalSection
	GlobalSection(SolutionProperties) = preSolution
		HideSolutionNode = FALSE
	EndGlobalSection
	GlobalSection(NestedProjects) = preSolution
		{38D4FE5A-21B4-4B15-A9AA-DAD0AEEFACDD} = {582CAB9A-B099-4CD7-BB8C-427EF21263A6}
		{2244CF13-9F8E-4441-9CE0-433D9A19F066} = {582CAB9A-B099-4CD7-BB8C-427EF21263A6}
	EndGlobalSection
	GlobalSection(ExtensibilityGlobals) = postSolution
		SolutionGuid = {6E6EE961-3373-4349-9EDA-DD10C2C94025}
	EndGlobalSection
EndGlobal
